
Microsoft Visual Studio Solution File, Format Version 12.00
# Visual Studio Version 16
VisualStudioVersion = 16.0.31729.503
MinimumVisualStudioVersion = 10.0.40219.1
Project("{9A19103F-16F7-4668-BE54-9A1E7A4F7556}") = "Baka.ContactSplitter", "Baka.ContactSplitter\Baka.ContactSplitter.csproj", "{3EB55D0C-FC83-4DF0-8642-0E437425F978}"
EndProject
Project("{FAE04EC0-301F-11D3-BF4B-00C04F79EFBC}") = "Baka.ContactSplitter.Test", "Baka.ContactSplitter.Test\Baka.ContactSplitter.Test.csproj", "{0B577917-60D8-408A-A6E9-6C71A9DE179D}"
EndProject
Global
	GlobalSection(SolutionConfigurationPlatforms) = preSolution
		Debug|Any CPU = Debug|Any CPU
		Release|Any CPU = Release|Any CPU
	EndGlobalSection
	GlobalSection(ProjectConfigurationPlatforms) = postSolution
		{3EB55D0C-FC83-4DF0-8642-0E437425F978}.Debug|Any CPU.ActiveCfg = Debug|Any CPU
		{3EB55D0C-FC83-4DF0-8642-0E437425F978}.Debug|Any CPU.Build.0 = Debug|Any CPU
		{3EB55D0C-FC83-4DF0-8642-0E437425F978}.Release|Any CPU.ActiveCfg = Release|Any CPU
		{3EB55D0C-FC83-4DF0-8642-0E437425F978}.Release|Any CPU.Build.0 = Release|Any CPU
		{0B577917-60D8-408A-A6E9-6C71A9DE179D}.Debug|Any CPU.ActiveCfg = Debug|Any CPU
		{0B577917-60D8-408A-A6E9-6C71A9DE179D}.Debug|Any CPU.Build.0 = Debug|Any CPU
		{0B577917-60D8-408A-A6E9-6C71A9DE179D}.Release|Any CPU.ActiveCfg = Release|Any CPU
		{0B577917-60D8-408A-A6E9-6C71A9DE179D}.Release|Any CPU.Build.0 = Release|Any CPU
	EndGlobalSection
	GlobalSection(SolutionProperties) = preSolution
		HideSolutionNode = FALSE
	EndGlobalSection
	GlobalSection(ExtensibilityGlobals) = postSolution
		SolutionGuid = {F947D24D-B3FF-4B2E-BF88-FF23C317CCE6}
	EndGlobalSection
EndGlobal
